PODS:
  - DeviceKit (2.3.0)
  - SwiftyAttributes (5.1.1)
  - SwiftyExts/All (1.0.3):
    - SwiftyExts/Attributes
    - SwiftyExts/Core
    - SwiftyExts/Device
  - SwiftyExts/Attributes (1.0.3):
    - SwiftyAttributes (>= 5.1.1)
    - SwiftyExts/Core
  - SwiftyExts/Core (1.0.3):
    - SwiftyExts/Foundation
    - SwiftyExts/UIKit
  - SwiftyExts/Device (1.0.3):
    - DeviceKit (>= 2.3.0)
    - SwiftyExts/Core
  - SwiftyExts/Foundation (1.0.3)
  - SwiftyExts/UIKit (1.0.3)

DEPENDENCIES:
  - SwiftyExts/All (from `../`)

SPEC REPOS:
  https://github.com/CocoaPods/Specs:
    - DeviceKit
    - SwiftyAttributes

EXTERNAL SOURCES:
  SwiftyExts:
    :path: "../"

SPEC CHECKSUMS:
  DeviceKit: da103891aa928d89f64ea8dd8aca738c5f3d8ac0
  SwiftyAttributes: e3e13891ddac3c62b3d7798d5c3969cea88e62bb
  SwiftyExts: 149cb2b03f9342fa3dff5adde43f806ba9eefd45

PODFILE CHECKSUM: 7b4d466656dbe52e4c7b3cfcbe9f933fcff5325f

COCOAPODS: 1.9.0.beta.2
